{
  "nodes": {
    "nixos-hardware": {
      "locked": {
        "lastModified": 1659356074,
        "narHash": "sha256-UwV6hZZEtchvtiTCCD/ODEv1226eam8kEgEyQb7xB0E=",
        "owner": "NixOS",
        "repo": "nixos-hardware",
        "rev": "ea3efc80f8ab83cb73aec39f4e76fe87afb15a08",
        "type": "github"
      },
      "original": {
        "owner": "NixOS",
        "repo": "nixos-hardware",
        "type": "github"
      }
    },
    "nixpkgs": {
      "locked": {
        "lastModified": 1659253578,
        "narHash": "sha256-9xjr2VFCQEpgCKdfZjOhiaLZ/XozLp+Y3UmUn44wYZg=",
        "owner": "NixOS",
        "repo": "nixpkgs",
        "rev": "ede02b4ccb13557b95058d66146640a2b0bb198f",
        "type": "github"
      },
      "original": {
        "owner": "NixOS",
        "ref": "nixos-22.05",
        "repo": "nixpkgs",
        "type": "github"
      }
    },
    "nixpkgs-22_05": {
      "locked": {
        "lastModified": 1659228671,
        "narHash": "sha256-fraIjyAthUgoeDUF14tFeszKFPqaGnlc2qxczHbAmec=",
        "owner": "NixOS",
        "repo": "nixpkgs",
        "rev": "a26a6f4529878fbfe5f1f287dcdff4a287c58def",
        "type": "github"
      },
      "original": {
        "owner": "NixOS",
        "ref": "release-22.05",
        "repo": "nixpkgs",
        "type": "github"
      }
    },
    "nixpkgs-master": {
      "locked": {
        "lastModified": 1659380851,
        "narHash": "sha256-sg28T0E5f8IbF2CHp62Vj5LGMvKv4si7wycRhVea+w4=",
        "owner": "NixOS",
        "repo": "nixpkgs",
        "rev": "41ed7e2fd4b094a3f8275ddf4f4a0287b8b4748c",
        "type": "github"
      },
      "original": {
        "owner": "NixOS",
        "ref": "master",
        "repo": "nixpkgs",
        "type": "github"
      }
    },
    "nixpkgs-unstable": {
      "locked": {
        "lastModified": 1659219666,
        "narHash": "sha256-pzYr5fokQPHv7CmUXioOhhzDy/XyWOIXP4LZvv/T7Mk=",
        "owner": "NixOS",
        "repo": "nixpkgs",
        "rev": "7b9be38c7250b22d829ab6effdee90d5e40c6e5c",
        "type": "github"
      },
      "original": {
        "owner": "NixOS",
        "ref": "nixos-unstable",
        "repo": "nixpkgs",
        "type": "github"
      }
    },
    "root": {
      "inputs": {
        "nixos-hardware": "nixos-hardware",
        "nixpkgs": "nixpkgs",
        "nixpkgs-master": "nixpkgs-master",
        "nixpkgs-unstable": "nixpkgs-unstable",
        "secrets": "secrets",
        "sops-nix": "sops-nix"
      }
    },
    "secrets": {
      "flake": false,
      "locked": {
        "lastModified": 1,
        "narHash": "sha256-CAs91wY1OranSBErpangpANOr1XqgZyqqLV5K0QDK4U=",
        "path": "/nix/store/9qfia2jfs7a9ikk4pn3v6gak644qn1wv-source/secrets",
        "type": "path"
      },
      "original": {
        "path": "/nix/store/9qfia2jfs7a9ikk4pn3v6gak644qn1wv-source/secrets",
        "type": "path"
      }
    },
    "sops-nix": {
      "inputs": {
        "nixpkgs": [
          "nixpkgs"
        ],
        "nixpkgs-22_05": "nixpkgs-22_05"
      },
      "locked": {
        "lastModified": 1659240333,
        "narHash": "sha256-9dth3+9VemY34Eod0vBkx/prMcCQfeE4RlJVp9ahQao=",
        "owner": "Mic92",
        "repo": "sops-nix",
        "rev": "22b08d5c234a5c1b6e403488276b1c3e9c6ae9d3",
        "type": "github"
      },
      "original": {
        "owner": "Mic92",
        "repo": "sops-nix",
        "type": "github"
      }
    }
  },
  "root": "root",
  "version": 7
}
