{
  "nodes": {
    "csi-collector": {
      "inputs": {
        "naersk": [
          "naersk"
        ],
        "nixpkgs": [
          "nixpkgs"
        ],
        "utils": [
          "flake-utils"
        ]
      },
      "locked": {
        "lastModified": 1682365989,
        "narHash": "sha256-Pi+5crSXIDFKOPvKBqoFxmS4F8w278YFZXi/+OL3YSs=",
        "ref": "refs/heads/master",
        "rev": "286721288623a32b21125e62256d17b04357ff77",
        "revCount": 6,
        "type": "git",
        "url": "ssh://git@git.comnets.net/s2599166/csi-collector-server.git"
      },
      "original": {
        "type": "git",
        "url": "ssh://git@git.comnets.net/s2599166/csi-collector-server.git"
      }
    },
    "flake-compat": {
      "flake": false,
      "locked": {
        "lastModified": 1673956053,
        "narHash": "sha256-4gtG9iQuiKITOjNQQeQIpoIB6b16fm+504Ch3sNKLd8=",
        "owner": "edolstra",
        "repo": "flake-compat",
        "rev": "35bb57c0c8d8b62bbfd284272c928ceb64ddbde9",
        "type": "github"
      },
      "original": {
        "owner": "edolstra",
        "repo": "flake-compat",
        "type": "github"
      }
    },
    "flake-utils": {
      "inputs": {
        "systems": "systems"
      },
      "locked": {
        "lastModified": 1689068808,
        "narHash": "sha256-6ixXo3wt24N/melDWjq70UuHQLxGV8jZvooRanIHXw0=",
        "owner": "numtide",
        "repo": "flake-utils",
        "rev": "919d646de7be200f3bf08cb76ae1f09402b6f9b4",
        "type": "github"
      },
      "original": {
        "owner": "numtide",
        "repo": "flake-utils",
        "type": "github"
      }
    },
    "microvm": {
      "inputs": {
        "flake-utils": [
          "flake-utils"
        ],
        "nixpkgs": [
          "nixpkgs"
        ]
      },
      "locked": {
        "lastModified": 1684960978,
        "narHash": "sha256-OW++OrrpfvFrtUcsEes1QA3Iln1bv8MdXqN48XUfNsE=",
        "owner": "astro",
        "repo": "microvm.nix",
        "rev": "dc244039cb0d6fc4ed844d60624135250731e195",
        "type": "github"
      },
      "original": {
        "owner": "astro",
        "ref": "v0.3.3",
        "repo": "microvm.nix",
        "type": "github"
      }
    },
    "naersk": {
      "inputs": {
        "nixpkgs": [
          "nixpkgs"
        ]
      },
      "locked": {
        "lastModified": 1688534083,
        "narHash": "sha256-/bI5vsioXscQTsx+Hk9X5HfweeNZz/6kVKsbdqfwW7g=",
        "owner": "nix-community",
        "repo": "naersk",
        "rev": "abca1fb7a6cfdd355231fc220c3d0302dbb4369a",
        "type": "github"
      },
      "original": {
        "owner": "nix-community",
        "repo": "naersk",
        "type": "github"
      }
    },
    "nix-matlab": {
      "inputs": {
        "flake-compat": "flake-compat",
        "nixpkgs": [
          "nixpkgs"
        ]
      },
      "locked": {
        "lastModified": 1689951667,
        "narHash": "sha256-xbBX1T0halpAVgeMJhLTDW8CRSRxav/NDinOit2JLxE=",
        "owner": "doronbehar",
        "repo": "nix-matlab",
        "rev": "66d37061563a4d2268ea5d220f882a21a0e5c243",
        "type": "gitlab"
      },
      "original": {
        "owner": "doronbehar",
        "repo": "nix-matlab",
        "type": "gitlab"
      }
    },
    "nixos-hardware": {
      "locked": {
        "lastModified": 1689320556,
        "narHash": "sha256-vODUkZLWFVCvo1KPK3dC2CbXjxa9antEn5ozwlcTr48=",
        "owner": "NixOS",
        "repo": "nixos-hardware",
        "rev": "d4ea64f2063820120c05f6ba93ee02e6d4671d6b",
        "type": "github"
      },
      "original": {
        "owner": "NixOS",
        "repo": "nixos-hardware",
        "type": "github"
      }
    },
    "nixpkgs": {
      "locked": {
        "lastModified": 1689956312,
        "narHash": "sha256-NV9yamMhE5jgz+ZSM2IgXeYqOvmGIbIIJ+AFIhfD7Ek=",
        "owner": "NixOS",
        "repo": "nixpkgs",
        "rev": "6da4bc6cb07cba1b8e53d139cbf1d2fb8061d967",
        "type": "github"
      },
      "original": {
        "owner": "NixOS",
        "ref": "nixos-23.05",
        "repo": "nixpkgs",
        "type": "github"
      }
    },
    "nixpkgs-unstable": {
      "locked": {
        "lastModified": 1689940971,
        "narHash": "sha256-397xShPnFqPC59Bmpo3lS+/Aw0yoDRMACGo1+h2VJMo=",
        "owner": "NixOS",
        "repo": "nixpkgs",
        "rev": "9ca785644d067445a4aa749902b29ccef61f7476",
        "type": "github"
      },
      "original": {
        "owner": "NixOS",
        "ref": "nixos-unstable",
        "repo": "nixpkgs",
        "type": "github"
      }
    },
    "nixpkgs_2": {
      "locked": {
        "lastModified": 1685912674,
        "narHash": "sha256-9iRV7ZxZO13MXEBZvWTak9OTddkit66qbbDtroqV4X4=",
        "owner": "NixOS",
        "repo": "nixpkgs",
        "rev": "18388d019974e90a035bdb938a8a3ca3c0408db9",
        "type": "github"
      },
      "original": {
        "owner": "NixOS",
        "ref": "release-23.05",
        "repo": "nixpkgs",
        "type": "github"
      }
    },
    "openwrt": {
      "flake": false,
      "locked": {
        "lastModified": 1685795498,
        "narHash": "sha256-DZS2L/646UDQjXKVYL5wuqoYXQ1cc/9M7fy5lXQ5/Gw=",
        "ref": "openwrt-22.03",
        "rev": "171b51519206b5e66ebd01d322f41d790976ce87",
        "revCount": 54629,
        "type": "git",
        "url": "https://git.openwrt.org/openwrt/openwrt.git"
      },
      "original": {
        "ref": "openwrt-22.03",
        "type": "git",
        "url": "https://git.openwrt.org/openwrt/openwrt.git"
      }
    },
    "openwrt-imagebuilder": {
      "inputs": {
        "nixpkgs": [
          "zentralwerk",
          "nixpkgs"
        ]
      },
      "locked": {
        "lastModified": 1685874260,
        "narHash": "sha256-rem5LdqVtunLJZ+lXvwAJCMFucJmT+kaXoTOIbGelXg=",
        "owner": "astro",
        "repo": "nix-openwrt-imagebuilder",
        "rev": "b5901ec9361152f1f588445d1b3f06239ea4b86c",
        "type": "github"
      },
      "original": {
        "owner": "astro",
        "repo": "nix-openwrt-imagebuilder",
        "type": "github"
      }
    },
    "root": {
      "inputs": {
        "csi-collector": "csi-collector",
        "flake-utils": "flake-utils",
        "microvm": "microvm",
        "naersk": "naersk",
        "nix-matlab": "nix-matlab",
        "nixos-hardware": "nixos-hardware",
        "nixpkgs": "nixpkgs",
        "nixpkgs-unstable": "nixpkgs-unstable",
        "secrets": "secrets",
        "sops-nix": "sops-nix",
        "zentralwerk": "zentralwerk"
      }
    },
    "secrets": {
      "flake": false,
      "locked": {
        "lastModified": 1679674303,
        "narHash": "sha256-WN73HcOPtAd+rD/gmrc4gYv0pRysbS4FN89+VR1Kn2s=",
        "ref": "refs/heads/master",
        "rev": "21dedca97ded7ea716e996a383a95f103c10c366",
        "revCount": 104,
        "type": "git",
        "url": "ssh://git@github.com/marenz2569/nix-configs-secrets.git"
      },
      "original": {
        "type": "git",
        "url": "ssh://git@github.com/marenz2569/nix-configs-secrets.git"
      }
    },
    "sops-nix": {
      "inputs": {
        "nixpkgs": [
          "nixpkgs"
        ],
        "nixpkgs-stable": [
          "nixpkgs"
        ]
      },
      "locked": {
        "lastModified": 1689534977,
        "narHash": "sha256-EB4hasmjKgetTR0My2bS5AwELZFIQ4zANLqHKi7aVXg=",
        "owner": "Mic92",
        "repo": "sops-nix",
        "rev": "bd695cc4d0a5e1bead703cc1bec5fa3094820a81",
        "type": "github"
      },
      "original": {
        "owner": "Mic92",
        "repo": "sops-nix",
        "type": "github"
      }
    },
    "systems": {
      "locked": {
        "lastModified": 1681028828,
        "narHash": "sha256-Vy1rq5AaRuLzOxct8nz4T6wlgyUR7zLU309k9mBC768=",
        "owner": "nix-systems",
        "repo": "default",
        "rev": "da67096a3b9bf56a91d16901293e51ba5b49a27e",
        "type": "github"
      },
      "original": {
        "owner": "nix-systems",
        "repo": "default",
        "type": "github"
      }
    },
    "zentralwerk": {
      "inputs": {
        "nixpkgs": "nixpkgs_2",
        "openwrt": "openwrt",
        "openwrt-imagebuilder": "openwrt-imagebuilder"
      },
      "locked": {
        "lastModified": 1689710890,
        "narHash": "sha256-XfHRCNAxciIgsLE32xy+qaa2b7zJ+R0mTp7JZe0asSk=",
        "ref": "refs/heads/master",
        "rev": "3ac9e008f66fb78296d5b9ef4d474640ec98be12",
        "revCount": 1801,
        "type": "git",
        "url": "https://gitea.c3d2.de/zentralwerk/network"
      },
      "original": {
        "type": "git",
        "url": "https://gitea.c3d2.de/zentralwerk/network"
      }
    }
  },
  "root": "root",
  "version": 7
}
