{
  "nodes": {
    "csi-collector": {
      "inputs": {
        "naersk": [
          "naersk"
        ],
        "nixpkgs": [
          "nixpkgs"
        ],
        "utils": [
          "flake-utils"
        ]
      },
      "locked": {
        "lastModified": 1668732633,
        "narHash": "sha256-A0PIGeQ/nEftMz+Faw4Moj7RJrZVgeow/kdE/VXWhF0=",
        "ref": "refs/heads/master",
        "rev": "67aed00a32d89055734ca310d43c55fd4b481fef",
        "revCount": 5,
        "type": "git",
        "url": "ssh://git@git.comnets.net/s2599166/csi-collector-server.git"
      },
      "original": {
        "type": "git",
        "url": "ssh://git@git.comnets.net/s2599166/csi-collector-server.git"
      }
    },
    "fenix": {
      "inputs": {
        "nixpkgs": [
          "microvm",
          "nixpkgs"
        ],
        "rust-analyzer-src": "rust-analyzer-src"
      },
      "locked": {
        "lastModified": 1677219923,
        "narHash": "sha256-gvNqjERVoc7f9NSBqZCA5RqAX3HjJA+KOhjN0jNaXw0=",
        "owner": "nix-community",
        "repo": "fenix",
        "rev": "20d2fcd01df0c3db0429112ab3d911ee0bc3a3b5",
        "type": "github"
      },
      "original": {
        "owner": "nix-community",
        "repo": "fenix",
        "type": "github"
      }
    },
    "flake-compat": {
      "flake": false,
      "locked": {
        "lastModified": 1673956053,
        "narHash": "sha256-4gtG9iQuiKITOjNQQeQIpoIB6b16fm+504Ch3sNKLd8=",
        "owner": "edolstra",
        "repo": "flake-compat",
        "rev": "35bb57c0c8d8b62bbfd284272c928ceb64ddbde9",
        "type": "github"
      },
      "original": {
        "owner": "edolstra",
        "repo": "flake-compat",
        "type": "github"
      }
    },
    "flake-utils": {
      "locked": {
        "lastModified": 1676283394,
        "narHash": "sha256-XX2f9c3iySLCw54rJ/CZs+ZK6IQy7GXNY4nSOyu2QG4=",
        "owner": "numtide",
        "repo": "flake-utils",
        "rev": "3db36a8b464d0c4532ba1c7dda728f4576d6d073",
        "type": "github"
      },
      "original": {
        "owner": "numtide",
        "repo": "flake-utils",
        "type": "github"
      }
    },
    "microvm": {
      "inputs": {
        "fenix": "fenix",
        "flake-utils": [
          "flake-utils"
        ],
        "nixpkgs": [
          "nixpkgs"
        ]
      },
      "locked": {
        "lastModified": 1678238157,
        "narHash": "sha256-sQgwrJHMk1RML3xuXTU6QTG0wxN1wig1oGABm456DHA=",
        "owner": "astro",
        "repo": "microvm.nix",
        "rev": "108f0c561eb4b140cac1ac7da7ba72867f62d174",
        "type": "github"
      },
      "original": {
        "owner": "astro",
        "repo": "microvm.nix",
        "type": "github"
      }
    },
    "naersk": {
      "inputs": {
        "nixpkgs": [
          "nixpkgs"
        ]
      },
      "locked": {
        "lastModified": 1671096816,
        "narHash": "sha256-ezQCsNgmpUHdZANDCILm3RvtO1xH8uujk/+EqNvzIOg=",
        "owner": "nix-community",
        "repo": "naersk",
        "rev": "d998160d6a076cfe8f9741e56aeec7e267e3e114",
        "type": "github"
      },
      "original": {
        "owner": "nix-community",
        "repo": "naersk",
        "type": "github"
      }
    },
    "nix-matlab": {
      "inputs": {
        "flake-compat": "flake-compat",
        "nixpkgs": [
          "nixpkgs"
        ]
      },
      "locked": {
        "lastModified": 1678460470,
        "narHash": "sha256-t3JPVr7jQhpG5tWQYLeXMyprtnL4NY2i3vsUyiLtjfQ=",
        "owner": "doronbehar",
        "repo": "nix-matlab",
        "rev": "24c52655436bfc7a8dafbb5bf572a43ebcbccacf",
        "type": "gitlab"
      },
      "original": {
        "owner": "doronbehar",
        "repo": "nix-matlab",
        "type": "gitlab"
      }
    },
    "nixos-hardware": {
      "locked": {
        "lastModified": 1678397099,
        "narHash": "sha256-5xq8YJe+h19TlD+EI4AE/3H3jcCcQ2AWU6CWBVc5tRc=",
        "owner": "NixOS",
        "repo": "nixos-hardware",
        "rev": "556101ff85bd6e20900ec73ee525b935154bc8ea",
        "type": "github"
      },
      "original": {
        "owner": "NixOS",
        "repo": "nixos-hardware",
        "type": "github"
      }
    },
    "nixpkgs": {
      "locked": {
        "lastModified": 1678230755,
        "narHash": "sha256-SFAXgNjNTXzcAideXcP0takfUGVft/VR5CACmYHg+Fc=",
        "owner": "NixOS",
        "repo": "nixpkgs",
        "rev": "a7cc81913bb3cd1ef05ed0ece048b773e1839e51",
        "type": "github"
      },
      "original": {
        "owner": "NixOS",
        "ref": "nixos-22.11",
        "repo": "nixpkgs",
        "type": "github"
      }
    },
    "nixpkgs-unstable": {
      "locked": {
        "lastModified": 1678380223,
        "narHash": "sha256-HUxnK38iqrX84QdQxbFcosRKV3/koj1Zzp5b5aP4lIo=",
        "owner": "NixOS",
        "repo": "nixpkgs",
        "rev": "1e2590679d0ed2cee2736e8b80373178d085d263",
        "type": "github"
      },
      "original": {
        "owner": "NixOS",
        "ref": "nixos-unstable",
        "repo": "nixpkgs",
        "type": "github"
      }
    },
    "nixpkgs_2": {
      "locked": {
        "lastModified": 1674242456,
        "narHash": "sha256-yBy7rCH7EiBe9+CHZm9YB5ii5GRa+MOxeW0oDEBO8SE=",
        "owner": "NixOS",
        "repo": "nixpkgs",
        "rev": "cdead16a444a3e5de7bc9b0af8e198b11bb01804",
        "type": "github"
      },
      "original": {
        "owner": "NixOS",
        "ref": "release-22.11",
        "repo": "nixpkgs",
        "type": "github"
      }
    },
    "openwrt": {
      "flake": false,
      "locked": {
        "lastModified": 1674227662,
        "narHash": "sha256-MtkO4sbP+75B9j2oW0/JFvosWQh8H0S95VJ3r0wl+xk=",
        "ref": "openwrt-22.03",
        "rev": "1bead4c521b6f6cf711fd06398d54b1a6fbbef96",
        "revCount": 54502,
        "type": "git",
        "url": "https://git.openwrt.org/openwrt/openwrt.git"
      },
      "original": {
        "ref": "openwrt-22.03",
        "type": "git",
        "url": "https://git.openwrt.org/openwrt/openwrt.git"
      }
    },
    "openwrt-imagebuilder": {
      "inputs": {
        "nixpkgs": [
          "zentralwerk",
          "nixpkgs"
        ]
      },
      "locked": {
        "lastModified": 1677318794,
        "narHash": "sha256-lJwIENSkGO6zXCt91SkzWNb4IGQtjmqUoTXqfhYHWaA=",
        "owner": "astro",
        "repo": "nix-openwrt-imagebuilder",
        "rev": "676f6c33fda9e0c94232001249364aebde67ffe4",
        "type": "github"
      },
      "original": {
        "owner": "astro",
        "repo": "nix-openwrt-imagebuilder",
        "type": "github"
      }
    },
    "root": {
      "inputs": {
        "csi-collector": "csi-collector",
        "flake-utils": "flake-utils",
        "microvm": "microvm",
        "naersk": "naersk",
        "nix-matlab": "nix-matlab",
        "nixos-hardware": "nixos-hardware",
        "nixpkgs": "nixpkgs",
        "nixpkgs-unstable": "nixpkgs-unstable",
        "secrets": "secrets",
        "sops-nix": "sops-nix",
        "zentralwerk": "zentralwerk"
      }
    },
    "rust-analyzer-src": {
      "flake": false,
      "locked": {
        "lastModified": 1676976502,
        "narHash": "sha256-D0l5hvE4IFUqspKeorawIlLQRMKqCkMAhZ58KjDXJl8=",
        "owner": "rust-lang",
        "repo": "rust-analyzer",
        "rev": "27239fbb58a115915ffc1ce65ededc951eb00fd2",
        "type": "github"
      },
      "original": {
        "owner": "rust-lang",
        "ref": "nightly",
        "repo": "rust-analyzer",
        "type": "github"
      }
    },
    "secrets": {
      "flake": false,
      "locked": {
        "lastModified": 1673029506,
        "narHash": "sha256-jMuyWsPTiTSJpNN0RBpodRilauwL+HcyIwH3wozmkTk=",
        "ref": "refs/heads/master",
        "rev": "16b0a537eba23e8ac5d563e7d5d394341d7015a6",
        "revCount": 100,
        "type": "git",
        "url": "ssh://git@github.com/marenz2569/nix-configs-secrets.git"
      },
      "original": {
        "type": "git",
        "url": "ssh://git@github.com/marenz2569/nix-configs-secrets.git"
      }
    },
    "sops-nix": {
      "inputs": {
        "nixpkgs": [
          "nixpkgs"
        ],
        "nixpkgs-stable": [
          "nixpkgs"
        ]
      },
      "locked": {
        "lastModified": 1678440572,
        "narHash": "sha256-zfL09Yy6H7QQwfacCPL0gOfWpVkTbE5jXJh5oZmGf8g=",
        "owner": "Mic92",
        "repo": "sops-nix",
        "rev": "1568702de0d2488c1e77011a9044de7fadec80c4",
        "type": "github"
      },
      "original": {
        "owner": "Mic92",
        "repo": "sops-nix",
        "type": "github"
      }
    },
    "zentralwerk": {
      "inputs": {
        "nixpkgs": "nixpkgs_2",
        "openwrt": "openwrt",
        "openwrt-imagebuilder": "openwrt-imagebuilder"
      },
      "locked": {
        "lastModified": 1678140213,
        "narHash": "sha256-jAQ3A9MkMHcF+qSDsDJy2QOelvEC4plXyPJblBTxGlA=",
        "ref": "refs/heads/master",
        "rev": "1f7e1e003b438d04b04175a0bef52e7ca7025af3",
        "revCount": 1751,
        "type": "git",
        "url": "https://gitea.c3d2.de/zentralwerk/network"
      },
      "original": {
        "type": "git",
        "url": "https://gitea.c3d2.de/zentralwerk/network"
      }
    }
  },
  "root": "root",
  "version": 7
}
